
Microsoft Visual Studio Solution File, Format Version 12.00
# Visual Studio Version 17
VisualStudioVersion = 17.3.32929.385
MinimumVisualStudioVersion = 10.0.40219.1
Project("{FAE04EC0-301F-11D3-BF4B-00C04F79EFBC}") = "db-videogames", "db-videogames.csproj", "{A240C5B5-B9D4-4228-AF40-93AE12BC5925}"
EndProject
Global
	GlobalSection(SolutionConfigurationPlatforms) = preSolution
		Debug|Any CPU = Debug|Any CPU
		Release|Any CPU = Release|Any CPU
	EndGlobalSection
	GlobalSection(ProjectConfigurationPlatforms) = postSolution
		{A240C5B5-B9D4-4228-AF40-93AE12BC5925}.Debug|Any CPU.ActiveCfg = Debug|Any CPU
		{A240C5B5-B9D4-4228-AF40-93AE12BC5925}.Debug|Any CPU.Build.0 = Debug|Any CPU
		{A240C5B5-B9D4-4228-AF40-93AE12BC5925}.Release|Any CPU.ActiveCfg = Release|Any CPU
		{A240C5B5-B9D4-4228-AF40-93AE12BC5925}.Release|Any CPU.Build.0 = Release|Any CPU
	EndGlobalSection
	GlobalSection(SolutionProperties) = preSolution
		HideSolutionNode = FALSE
	EndGlobalSection
	GlobalSection(ExtensibilityGlobals) = postSolution
		SolutionGuid = {27EC7392-3A74-42A3-A7FB-4927B71B24C3}
	EndGlobalSection
EndGlobal
